{
  "name": "node",
  "lockfileVersion": 2,
  "requires": true,
  "packages": {
    "": {
      "dependencies": {
        "node-geometry-library": "^1.2.6"
      }
    },
    "node_modules/node-geometry-library": {
      "version": "1.2.6",
      "resolved": "https://registry.npmjs.org/node-geometry-library/-/node-geometry-library-1.2.6.tgz",
      "integrity": "sha512-WGI1tbEjfwhI+3iKhXQro1+A3HjUIKgRGXneZ+E5IT+KpXLp6tFH6IPSr5nbXR8t72/NxSCp/Zax/QDroeSFeg=="
    }
  },
  "dependencies": {
    "node-geometry-library": {
      "version": "1.2.6",
      "resolved": "https://registry.npmjs.org/node-geometry-library/-/node-geometry-library-1.2.6.tgz",
      "integrity": "sha512-WGI1tbEjfwhI+3iKhXQro1+A3HjUIKgRGXneZ+E5IT+KpXLp6tFH6IPSr5nbXR8t72/NxSCp/Zax/QDroeSFeg=="
    }
  }
}
